// !$*UTF8*$!
{
	archiveVersion = 1;
	classes = {
	};
	objectVersion = 48;
	objects = {

/* Begin PBXBuildFile section */
		23148D7D2089393D00FDC941 /* MoodListViewController.swift in Sources */ = {isa = PBXBuildFile; fileRef = 23148D7C2089393D00FDC941 /* MoodListViewController.swift */; };
		233C497020890B1900B568F5 /* AppDelegate.swift in Sources */ = {isa = PBXBuildFile; fileRef = 233C496F20890B1900B568F5 /* AppDelegate.swift */; };
		233C497520890B1900B568F5 /* Main.storyboard in Resources */ = {isa = PBXBuildFile; fileRef = 233C497320890B1900B568F5 /* Main.storyboard */; };
		233C497720890B1900B568F5 /* Assets.xcassets in Resources */ = {isa = PBXBuildFile; fileRef = 233C497620890B1900B568F5 /* Assets.xcassets */; };
		233C497A20890B1900B568F5 /* LaunchScreen.storyboard in Resources */ = {isa = PBXBuildFile; fileRef = 233C497820890B1900B568F5 /* LaunchScreen.storyboard */; };
		233C498220890B3600B568F5 /* Mood.swift in Sources */ = {isa = PBXBuildFile; fileRef = 233C498120890B3600B568F5 /* Mood.swift */; };
		233C498420890B9800B568F5 /* MoodEntry.swift in Sources */ = {isa = PBXBuildFile; fileRef = 233C498320890B9800B568F5 /* MoodEntry.swift */; };
		233C498620890F9000B568F5 /* UIColor+Extension.swift in Sources */ = {isa = PBXBuildFile; fileRef = 233C498520890F9000B568F5 /* UIColor+Extension.swift */; };
		233C498820890FCB00B568F5 /* UIImage+Extension.swift in Sources */ = {isa = PBXBuildFile; fileRef = 233C498720890FCB00B568F5 /* UIImage+Extension.swift */; };
		233C498A2089137500B568F5 /* MoodSelectionViewController.swift in Sources */ = {isa = PBXBuildFile; fileRef = 233C49892089137500B568F5 /* MoodSelectionViewController.swift */; };
		235C2D8220894E3400034BC6 /* MoodsConfigurable.swift in Sources */ = {isa = PBXBuildFile; fileRef = 235C2D8120894E3400034BC6 /* MoodsConfigurable.swift */; };
/* End PBXBuildFile section */

/* Begin PBXFileReference section */
		23148D7C2089393D00FDC941 /* MoodListViewController.swift */ = {isa = PBXFileReference; lastKnownFileType = sourcecode.swift; path = MoodListViewController.swift; sourceTree = "<group>"; };
		233C496C20890B1900B568F5 /* Mandala.app */ = {isa = PBXFileReference; explicitFileType = wrapper.application; includeInIndex = 0; path = Mandala.app; sourceTree = BUILT_PRODUCTS_DIR; };
		233C496F20890B1900B568F5 /* AppDelegate.swift */ = {isa = PBXFileReference; lastKnownFileType = sourcecode.swift; path = AppDelegate.swift; sourceTree = "<group>"; };
		233C497420890B1900B568F5 /* Base */ = {isa = PBXFileReference; lastKnownFileType = file.storyboard; name = Base; path = Base.lproj/Main.storyboard; sourceTree = "<group>"; };
		233C497620890B1900B568F5 /* Assets.xcassets */ = {isa = PBXFileReference; lastKnownFileType = folder.assetcatalog; path = Assets.xcassets; sourceTree = "<group>"; };
		233C497920890B1900B568F5 /* Base */ = {isa = PBXFileReference; lastKnownFileType = file.storyboard; name = Base; path = Base.lproj/LaunchScreen.storyboard; sourceTree = "<group>"; };
		233C497B20890B1900B568F5 /* Info.plist */ = {isa = PBXFileReference; lastKnownFileType = text.plist.xml; path = Info.plist; sourceTree = "<group>"; };
		233C498120890B3600B568F5 /* Mood.swift */ = {isa = PBXFileReference; lastKnownFileType = sourcecode.swift; path = Mood.swift; sourceTree = "<group>"; };
		233C498320890B9800B568F5 /* MoodEntry.swift */ = {isa = PBXFileReference; lastKnownFileType = sourcecode.swift; path = MoodEntry.swift; sourceTree = "<group>"; };
		233C498520890F9000B568F5 /* UIColor+Extension.swift */ = {isa = PBXFileReference; lastKnownFileType = sourcecode.swift; path = "UIColor+Extension.swift"; sourceTree = "<group>"; };
		233C498720890FCB00B568F5 /* UIImage+Extension.swift */ = {isa = PBXFileReference; lastKnownFileType = sourcecode.swift; path = "UIImage+Extension.swift"; sourceTree = "<group>"; };
		233C49892089137500B568F5 /* MoodSelectionViewController.swift */ = {isa = PBXFileReference; lastKnownFileType = sourcecode.swift; path = MoodSelectionViewController.swift; sourceTree = "<group>"; };
		235C2D8120894E3400034BC6 /* MoodsConfigurable.swift */ = {isa = PBXFileReference; lastKnownFileType = sourcecode.swift; path = MoodsConfigurable.swift; sourceTree = "<group>"; };
/* End PBXFileReference section */

/* Begin PBXFrameworksBuildPhase section */
		233C496920890B1900B568F5 /* Frameworks */ = {
			isa = PBXFrameworksBuildPhase;
			buildActionMask = 2147483647;
			files = (
			);
			runOnlyForDeploymentPostprocessing = 0;
		};
/* End PBXFrameworksBuildPhase section */

/* Begin PBXGroup section */
		233C496320890B1900B568F5 = {
			isa = PBXGroup;
			children = (
				233C496E20890B1900B568F5 /* Mandala */,
				233C496D20890B1900B568F5 /* Products */,
			);
			sourceTree = "<group>";
		};
		233C496D20890B1900B568F5 /* Products */ = {
			isa = PBXGroup;
			children = (
				233C496C20890B1900B568F5 /* Mandala.app */,
			);
			name = Products;
			sourceTree = "<group>";
		};
		233C496E20890B1900B568F5 /* Mandala */ = {
			isa = PBXGroup;
			children = (
				233C498120890B3600B568F5 /* Mood.swift */,
				233C498320890B9800B568F5 /* MoodEntry.swift */,
				233C496F20890B1900B568F5 /* AppDelegate.swift */,
				233C497320890B1900B568F5 /* Main.storyboard */,
				233C497620890B1900B568F5 /* Assets.xcassets */,
				233C497820890B1900B568F5 /* LaunchScreen.storyboard */,
				233C497B20890B1900B568F5 /* Info.plist */,
				233C498520890F9000B568F5 /* UIColor+Extension.swift */,
				233C498720890FCB00B568F5 /* UIImage+Extension.swift */,
				233C49892089137500B568F5 /* MoodSelectionViewController.swift */,
				23148D7C2089393D00FDC941 /* MoodListViewController.swift */,
				235C2D8120894E3400034BC6 /* MoodsConfigurable.swift */,
			);
			path = Mandala;
			sourceTree = "<group>";
		};
/* End PBXGroup section */

/* Begin PBXNativeTarget section */
		233C496B20890B1900B568F5 /* Mandala */ = {
			isa = PBXNativeTarget;
			buildConfigurationList = 233C497E20890B1900B568F5 /* Build configuration list for PBXNativeTarget "Mandala" */;
			buildPhases = (
				233C496820890B1900B568F5 /* Sources */,
				233C496920890B1900B568F5 /* Frameworks */,
				233C496A20890B1900B568F5 /* Resources */,
			);
			buildRules = (
			);
			dependencies = (
			);
			name = Mandala;
			productName = Mandala;
			productReference = 233C496C20890B1900B568F5 /* Mandala.app */;
			productType = "com.apple.product-type.application";
		};
/* End PBXNativeTarget section */

/* Begin PBXProject section */
		233C496420890B1900B568F5 /* Project object */ = {
			isa = PBXProject;
			attributes = {
				LastSwiftUpdateCheck = 0920;
				LastUpgradeCheck = 0920;
				ORGANIZATIONNAME = "Jay Ockers";
				TargetAttributes = {
					233C496B20890B1900B568F5 = {
						CreatedOnToolsVersion = 9.2;
						ProvisioningStyle = Automatic;
					};
				};
			};
			buildConfigurationList = 233C496720890B1900B568F5 /* Build configuration list for PBXProject "Mandala" */;
			compatibilityVersion = "Xcode 8.0";
			developmentRegion = en;
			hasScannedForEncodings = 0;
			knownRegions = (
				en,
				Base,
			);
			mainGroup = 233C496320890B1900B568F5;
			productRefGroup = 233C496D20890B1900B568F5 /* Products */;
			projectDirPath = "";
			projectRoot = "";
			targets = (
				233C496B20890B1900B568F5 /* Mandala */,
			);
		};
/* End PBXProject section */

/* Begin PBXResourcesBuildPhase section */
		233C496A20890B1900B568F5 /* Resources */ = {
			isa = PBXResourcesBuildPhase;
			buildActionMask = 2147483647;
			files = (
				233C497A20890B1900B568F5 /* LaunchScreen.storyboard in Resources */,
				233C497720890B1900B568F5 /* Assets.xcassets in Resources */,
				233C497520890B1900B568F5 /* Main.storyboard in Resources */,
			);
			runOnlyForDeploymentPostprocessing = 0;
		};
/* End PBXResourcesBuildPhase section */

/* Begin PBXSourcesBuildPhase section */
		233C496820890B1900B568F5 /* Sources */ = {
			isa = PBXSourcesBuildPhase;
			buildActionMask = 2147483647;
			files = (
				233C498220890B3600B568F5 /* Mood.swift in Sources */,
				23148D7D2089393D00FDC941 /* MoodListViewController.swift in Sources */,
				233C497020890B1900B568F5 /* AppDelegate.swift in Sources */,
				233C498A2089137500B568F5 /* MoodSelectionViewController.swift in Sources */,
				233C498820890FCB00B568F5 /* UIImage+Extension.swift in Sources */,
				235C2D8220894E3400034BC6 /* MoodsConfigurable.swift in Sources */,
				233C498420890B9800B568F5 /* MoodEntry.swift in Sources */,
				233C498620890F9000B568F5 /* UIColor+Extension.swift in Sources */,
			);
			runOnlyForDeploymentPostprocessing = 0;
		};
/* End PBXSourcesBuildPhase section */

/* Begin PBXVariantGroup section */
		233C497320890B1900B568F5 /* Main.storyboard */ = {
			isa = PBXVariantGroup;
			children = (
				233C497420890B1900B568F5 /* Base */,
			);
			name = Main.storyboard;
			sourceTree = "<group>";
		};
		233C497820890B1900B568F5 /* LaunchScreen.storyboard */ = {
			isa = PBXVariantGroup;
			children = (
				233C497920890B1900B568F5 /* Base */,
			);
			name = LaunchScreen.storyboard;
			sourceTree = "<group>";
		};
/* End PBXVariantGroup section */

/* Begin XCBuildConfiguration section */
		233C497C20890B1900B568F5 /* Debug */ = {
			isa = XCBuildConfiguration;
			buildSettings = {
				ALWAYS_SEARCH_USER_PATHS = NO;
				CLANG_ANALYZER_NONNULL = YES;
				CLANG_ANALYZER_NUMBER_OBJECT_CONVERSION = YES_AGGRESSIVE;
				CLANG_CXX_LANGUAGE_STANDARD = "gnu++14";
				CLANG_CXX_LIBRARY = "libc++";
				CLANG_ENABLE_MODULES = YES;
				CLANG_ENABLE_OBJC_ARC = YES;
				CLANG_WARN_BLOCK_CAPTURE_AUTORELEASING = YES;
				CLANG_WARN_BOOL_CONVERSION = YES;
				CLANG_WARN_COMMA = YES;
				CLANG_WARN_CONSTANT_CONVERSION = YES;
				CLANG_WARN_DIRECT_OBJC_ISA_USAGE = YES_ERROR;
				CLANG_WARN_DOCUMENTATION_COMMENTS = YES;
				CLANG_WARN_EMPTY_BODY = YES;
				CLANG_WARN_ENUM_CONVERSION = YES;
				CLANG_WARN_INFINITE_RECURSION = YES;
				CLANG_WARN_INT_CONVERSION = YES;
				CLANG_WARN_NON_LITERAL_NULL_CONVERSION = YES;
				CLANG_WARN_OBJC_LITERAL_CONVERSION = YES;
				CLANG_WARN_OBJC_ROOT_CLASS = YES_ERROR;
				CLANG_WARN_RANGE_LOOP_ANALYSIS = YES;
				CLANG_WARN_STRICT_PROTOTYPES = YES;
				CLANG_WARN_SUSPICIOUS_MOVE = YES;
				CLANG_WARN_UNGUARDED_AVAILABILITY = YES_AGGRESSIVE;
				CLANG_WARN_UNREACHABLE_CODE = YES;
				CLANG_WARN__DUPLICATE_METHOD_MATCH = YES;
				CODE_SIGN_IDENTITY = "iPhone Developer";
				COPY_PHASE_STRIP = NO;
				DEBUG_INFORMATION_FORMAT = dwarf;
				ENABLE_STRICT_OBJC_MSGSEND = YES;
				ENABLE_TESTABILITY = YES;
				GCC_C_LANGUAGE_STANDARD = gnu11;
				GCC_DYNAMIC_NO_PIC = NO;
				GCC_NO_COMMON_BLOCKS = YES;
				GCC_OPTIMIZATION_LEVEL = 0;
				GCC_PREPROCESSOR_DEFINITIONS = (
					"DEBUG=1",
					"$(inherited)",
				);
				GCC_WARN_64_TO_32_BIT_CONVERSION = YES;
				GCC_WARN_ABOUT_RETURN_TYPE = YES_ERROR;
				GCC_WARN_UNDECLARED_SELECTOR = YES;
				GCC_WARN_UNINITIALIZED_AUTOS = YES_AGGRESSIVE;
				GCC_WARN_UNUSED_FUNCTION = YES;
				GCC_WARN_UNUSED_VARIABLE = YES;
				IPHONEOS_DEPLOYMENT_TARGET = 11.2;
				MTL_ENABLE_DEBUG_INFO = YES;
				ONLY_ACTIVE_ARCH = YES;
				SDKROOT = iphoneos;
				SWIFT_ACTIVE_COMPILATION_CONDITIONS = DEBUG;
				SWIFT_OPTIMIZATION_LEVEL = "-Onone";
			};
			name = Debug;
		};
		233C497D20890B1900B568F5 /* Release */ = {
			isa = XCBuildConfiguration;
			buildSettings = {
				ALWAYS_SEARCH_USER_PATHS = NO;
				CLANG_ANALYZER_NONNULL = YES;
				CLANG_ANALYZER_NUMBER_OBJECT_CONVERSION = YES_AGGRESSIVE;
				CLANG_CXX_LANGUAGE_STANDARD = "gnu++14";
				CLANG_CXX_LIBRARY = "libc++";
				CLANG_ENABLE_MODULES = YES;
				CLANG_ENABLE_OBJC_ARC = YES;
				CLANG_WARN_BLOCK_CAPTURE_AUTORELEASING = YES;
				CLANG_WARN_BOOL_CONVERSION = YES;
				CLANG_WARN_COMMA = YES;
				CLANG_WARN_CONSTANT_CONVERSION = YES;
				CLANG_WARN_DIRECT_OBJC_ISA_USAGE = YES_ERROR;
				CLANG_WARN_DOCUMENTATION_COMMENTS = YES;
				CLANG_WARN_EMPTY_BODY = YES;
				CLANG_WARN_ENUM_CONVERSION = YES;
				CLANG_WARN_INFINITE_RECURSION = YES;
				CLANG_WARN_INT_CONVERSION = YES;
				CLANG_WARN_NON_LITERAL_NULL_CONVERSION = YES;
				CLANG_WARN_OBJC_LITERAL_CONVERSION = YES;
				CLANG_WARN_OBJC_ROOT_CLASS = YES_ERROR;
				CLANG_WARN_RANGE_LOOP_ANALYSIS = YES;
				CLANG_WARN_STRICT_PROTOTYPES = YES;
				CLANG_WARN_SUSPICIOUS_MOVE = YES;
				CLANG_WARN_UNGUARDED_AVAILABILITY = YES_AGGRESSIVE;
				CLANG_WARN_UNREACHABLE_CODE = YES;
				CLANG_WARN__DUPLICATE_METHOD_MATCH = YES;
				CODE_SIGN_IDENTITY = "iPhone Developer";
				COPY_PHASE_STRIP = NO;
				DEBUG_INFORMATION_FORMAT = "dwarf-with-dsym";
				ENABLE_NS_ASSERTIONS = NO;
				ENABLE_STRICT_OBJC_MSGSEND = YES;
				GCC_C_LANGUAGE_STANDARD = gnu11;
				GCC_NO_COMMON_BLOCKS = YES;
				GCC_WARN_64_TO_32_BIT_CONVERSION = YES;
				GCC_WARN_ABOUT_RETURN_TYPE = YES_ERROR;
				GCC_WARN_UNDECLARED_SELECTOR = YES;
				GCC_WARN_UNINITIALIZED_AUTOS = YES_AGGRESSIVE;
				GCC_WARN_UNUSED_FUNCTION = YES;
				GCC_WARN_UNUSED_VARIABLE = YES;
				IPHONEOS_DEPLOYMENT_TARGET = 11.2;
				MTL_ENABLE_DEBUG_INFO = NO;
				SDKROOT = iphoneos;
				SWIFT_OPTIMIZATION_LEVEL = "-Owholemodule";
				VALIDATE_PRODUCT = YES;
			};
			name = Release;
		};
		233C497F20890B1900B568F5 /* Debug */ = {
			isa = XCBuildConfiguration;
			buildSettings = {
				ASSETCATALOG_COMPILER_APPICON_NAME = AppIcon;
				CODE_SIGN_STYLE = Automatic;
				INFOPLIST_FILE = Mandala/Info.plist;
				LD_RUNPATH_SEARCH_PATHS = "$(inherited) @executable_path/Frameworks";
				PRODUCT_BUNDLE_IDENTIFIER = com.jayockers.Mandala;
				PRODUCT_NAME = "$(TARGET_NAME)";
				SWIFT_VERSION = 4.0;
				TARGETED_DEVICE_FAMILY = "1,2";
			};
			name = Debug;
		};
		233C498020890B1900B568F5 /* Release */ = {
			isa = XCBuildConfiguration;
			buildSettings = {
				ASSETCATALOG_COMPILER_APPICON_NAME = AppIcon;
				CODE_SIGN_STYLE = Automatic;
				INFOPLIST_FILE = Mandala/Info.plist;
				LD_RUNPATH_SEARCH_PATHS = "$(inherited) @executable_path/Frameworks";
				PRODUCT_BUNDLE_IDENTIFIER = com.jayockers.Mandala;
				PRODUCT_NAME = "$(TARGET_NAME)";
				SWIFT_VERSION = 4.0;
				TARGETED_DEVICE_FAMILY = "1,2";
			};
			name = Release;
		};
/* End XCBuildConfiguration section */

/* Begin XCConfigurationList section */
		233C496720890B1900B568F5 /* Build configuration list for PBXProject "Mandala" */ = {
			isa = XCConfigurationList;
			buildConfigurations = (
				233C497C20890B1900B568F5 /* Debug */,
				233C497D20890B1900B568F5 /* Release */,
			);
			defaultConfigurationIsVisible = 0;
			defaultConfigurationName = Release;
		};
		233C497E20890B1900B568F5 /* Build configuration list for PBXNativeTarget "Mandala" */ = {
			isa = XCConfigurationList;
			buildConfigurations = (
				233C497F20890B1900B568F5 /* Debug */,
				233C498020890B1900B568F5 /* Release */,
			);
			defaultConfigurationIsVisible = 0;
			defaultConfigurationName = Release;
		};
/* End XCConfigurationList section */
	};
	rootObject = 233C496420890B1900B568F5 /* Project object */;
}
