// !$*UTF8*$!
{
	archiveVersion = 1;
	classes = {
	};
	objectVersion = 48;
	objects = {

/* Begin PBXBuildFile section */
		2380033220859A71001CC665 /* AppDelegate.swift in Sources */ = {isa = PBXBuildFile; fileRef = 2380033120859A71001CC665 /* AppDelegate.swift */; };
		2380033420859A71001CC665 /* ViewController.swift in Sources */ = {isa = PBXBuildFile; fileRef = 2380033320859A71001CC665 /* ViewController.swift */; };
		2380033720859A71001CC665 /* Main.storyboard in Resources */ = {isa = PBXBuildFile; fileRef = 2380033520859A71001CC665 /* Main.storyboard */; };
		2380033920859A71001CC665 /* Assets.xcassets in Resources */ = {isa = PBXBuildFile; fileRef = 2380033820859A71001CC665 /* Assets.xcassets */; };
		2380033C20859A71001CC665 /* LaunchScreen.storyboard in Resources */ = {isa = PBXBuildFile; fileRef = 2380033A20859A71001CC665 /* LaunchScreen.storyboard */; };
		2380034720859A71001CC665 /* Band_Name_GeneratorTests.swift in Sources */ = {isa = PBXBuildFile; fileRef = 2380034620859A71001CC665 /* Band_Name_GeneratorTests.swift */; };
		2380035220859A71001CC665 /* Band_Name_GeneratorUITests.swift in Sources */ = {isa = PBXBuildFile; fileRef = 2380035120859A71001CC665 /* Band_Name_GeneratorUITests.swift */; };
		238003612085B1C6001CC665 /* CFNetwork.framework in Frameworks */ = {isa = PBXBuildFile; fileRef = 238003602085B1C6001CC665 /* CFNetwork.framework */; };
/* End PBXBuildFile section */

/* Begin PBXContainerItemProxy section */
		2380034320859A71001CC665 /* PBXContainerItemProxy */ = {
			isa = PBXContainerItemProxy;
			containerPortal = 2380032620859A71001CC665 /* Project object */;
			proxyType = 1;
			remoteGlobalIDString = 2380032D20859A71001CC665;
			remoteInfo = "Band Name Generator";
		};
		2380034E20859A71001CC665 /* PBXContainerItemProxy */ = {
			isa = PBXContainerItemProxy;
			containerPortal = 2380032620859A71001CC665 /* Project object */;
			proxyType = 1;
			remoteGlobalIDString = 2380032D20859A71001CC665;
			remoteInfo = "Band Name Generator";
		};
/* End PBXContainerItemProxy section */

/* Begin PBXFileReference section */
		2380032E20859A71001CC665 /* Band Name Generator.app */ = {isa = PBXFileReference; explicitFileType = wrapper.application; includeInIndex = 0; path = "Band Name Generator.app"; sourceTree = BUILT_PRODUCTS_DIR; };
		2380033120859A71001CC665 /* AppDelegate.swift */ = {isa = PBXFileReference; lastKnownFileType = sourcecode.swift; path = AppDelegate.swift; sourceTree = "<group>"; };
		2380033320859A71001CC665 /* ViewController.swift */ = {isa = PBXFileReference; lastKnownFileType = sourcecode.swift; path = ViewController.swift; sourceTree = "<group>"; };
		2380033620859A71001CC665 /* Base */ = {isa = PBXFileReference; lastKnownFileType = file.storyboard; name = Base; path = Base.lproj/Main.storyboard; sourceTree = "<group>"; };
		2380033820859A71001CC665 /* Assets.xcassets */ = {isa = PBXFileReference; lastKnownFileType = folder.assetcatalog; path = Assets.xcassets; sourceTree = "<group>"; };
		2380033B20859A71001CC665 /* Base */ = {isa = PBXFileReference; lastKnownFileType = file.storyboard; name = Base; path = Base.lproj/LaunchScreen.storyboard; sourceTree = "<group>"; };
		2380033D20859A71001CC665 /* Info.plist */ = {isa = PBXFileReference; lastKnownFileType = text.plist.xml; path = Info.plist; sourceTree = "<group>"; };
		2380034220859A71001CC665 /* Band Name GeneratorTests.xctest */ = {isa = PBXFileReference; explicitFileType = wrapper.cfbundle; includeInIndex = 0; path = "Band Name GeneratorTests.xctest"; sourceTree = BUILT_PRODUCTS_DIR; };
		2380034620859A71001CC665 /* Band_Name_GeneratorTests.swift */ = {isa = PBXFileReference; lastKnownFileType = sourcecode.swift; path = Band_Name_GeneratorTests.swift; sourceTree = "<group>"; };
		2380034820859A71001CC665 /* Info.plist */ = {isa = PBXFileReference; lastKnownFileType = text.plist.xml; path = Info.plist; sourceTree = "<group>"; };
		2380034D20859A71001CC665 /* Band Name GeneratorUITests.xctest */ = {isa = PBXFileReference; explicitFileType = wrapper.cfbundle; includeInIndex = 0; path = "Band Name GeneratorUITests.xctest"; sourceTree = BUILT_PRODUCTS_DIR; };
		2380035120859A71001CC665 /* Band_Name_GeneratorUITests.swift */ = {isa = PBXFileReference; lastKnownFileType = sourcecode.swift; path = Band_Name_GeneratorUITests.swift; sourceTree = "<group>"; };
		2380035320859A71001CC665 /* Info.plist */ = {isa = PBXFileReference; lastKnownFileType = text.plist.xml; path = Info.plist; sourceTree = "<group>"; };
		238003602085B1C6001CC665 /* CFNetwork.framework */ = {isa = PBXFileReference; lastKnownFileType = wrapper.framework; name = CFNetwork.framework; path = System/Library/Frameworks/CFNetwork.framework; sourceTree = SDKROOT; };
/* End PBXFileReference section */

/* Begin PBXFrameworksBuildPhase section */
		2380032B20859A71001CC665 /* Frameworks */ = {
			isa = PBXFrameworksBuildPhase;
			buildActionMask = 2147483647;
			files = (
				238003612085B1C6001CC665 /* CFNetwork.framework in Frameworks */,
			);
			runOnlyForDeploymentPostprocessing = 0;
		};
		2380033F20859A71001CC665 /* Frameworks */ = {
			isa = PBXFrameworksBuildPhase;
			buildActionMask = 2147483647;
			files = (
			);
			runOnlyForDeploymentPostprocessing = 0;
		};
		2380034A20859A71001CC665 /* Frameworks */ = {
			isa = PBXFrameworksBuildPhase;
			buildActionMask = 2147483647;
			files = (
			);
			runOnlyForDeploymentPostprocessing = 0;
		};
/* End PBXFrameworksBuildPhase section */

/* Begin PBXGroup section */
		2380032520859A71001CC665 = {
			isa = PBXGroup;
			children = (
				2380033020859A71001CC665 /* Band Name Generator */,
				2380034520859A71001CC665 /* Band Name GeneratorTests */,
				2380035020859A71001CC665 /* Band Name GeneratorUITests */,
				2380032F20859A71001CC665 /* Products */,
				2380035F2085B1C6001CC665 /* Frameworks */,
			);
			sourceTree = "<group>";
		};
		2380032F20859A71001CC665 /* Products */ = {
			isa = PBXGroup;
			children = (
				2380032E20859A71001CC665 /* Band Name Generator.app */,
				2380034220859A71001CC665 /* Band Name GeneratorTests.xctest */,
				2380034D20859A71001CC665 /* Band Name GeneratorUITests.xctest */,
			);
			name = Products;
			sourceTree = "<group>";
		};
		2380033020859A71001CC665 /* Band Name Generator */ = {
			isa = PBXGroup;
			children = (
				2380033120859A71001CC665 /* AppDelegate.swift */,
				2380033320859A71001CC665 /* ViewController.swift */,
				2380033520859A71001CC665 /* Main.storyboard */,
				2380033820859A71001CC665 /* Assets.xcassets */,
				2380033A20859A71001CC665 /* LaunchScreen.storyboard */,
				2380033D20859A71001CC665 /* Info.plist */,
			);
			path = "Band Name Generator";
			sourceTree = "<group>";
		};
		2380034520859A71001CC665 /* Band Name GeneratorTests */ = {
			isa = PBXGroup;
			children = (
				2380034620859A71001CC665 /* Band_Name_GeneratorTests.swift */,
				2380034820859A71001CC665 /* Info.plist */,
			);
			path = "Band Name GeneratorTests";
			sourceTree = "<group>";
		};
		2380035020859A71001CC665 /* Band Name GeneratorUITests */ = {
			isa = PBXGroup;
			children = (
				2380035120859A71001CC665 /* Band_Name_GeneratorUITests.swift */,
				2380035320859A71001CC665 /* Info.plist */,
			);
			path = "Band Name GeneratorUITests";
			sourceTree = "<group>";
		};
		2380035F2085B1C6001CC665 /* Frameworks */ = {
			isa = PBXGroup;
			children = (
				238003602085B1C6001CC665 /* CFNetwork.framework */,
			);
			name = Frameworks;
			sourceTree = "<group>";
		};
/* End PBXGroup section */

/* Begin PBXNativeTarget section */
		2380032D20859A71001CC665 /* Band Name Generator */ = {
			isa = PBXNativeTarget;
			buildConfigurationList = 2380035620859A71001CC665 /* Build configuration list for PBXNativeTarget "Band Name Generator" */;
			buildPhases = (
				2380032A20859A71001CC665 /* Sources */,
				2380032B20859A71001CC665 /* Frameworks */,
				2380032C20859A71001CC665 /* Resources */,
			);
			buildRules = (
			);
			dependencies = (
			);
			name = "Band Name Generator";
			productName = "Band Name Generator";
			productReference = 2380032E20859A71001CC665 /* Band Name Generator.app */;
			productType = "com.apple.product-type.application";
		};
		2380034120859A71001CC665 /* Band Name GeneratorTests */ = {
			isa = PBXNativeTarget;
			buildConfigurationList = 2380035920859A71001CC665 /* Build configuration list for PBXNativeTarget "Band Name GeneratorTests" */;
			buildPhases = (
				2380033E20859A71001CC665 /* Sources */,
				2380033F20859A71001CC665 /* Frameworks */,
				2380034020859A71001CC665 /* Resources */,
			);
			buildRules = (
			);
			dependencies = (
				2380034420859A71001CC665 /* PBXTargetDependency */,
			);
			name = "Band Name GeneratorTests";
			productName = "Band Name GeneratorTests";
			productReference = 2380034220859A71001CC665 /* Band Name GeneratorTests.xctest */;
			productType = "com.apple.product-type.bundle.unit-test";
		};
		2380034C20859A71001CC665 /* Band Name GeneratorUITests */ = {
			isa = PBXNativeTarget;
			buildConfigurationList = 2380035C20859A71001CC665 /* Build configuration list for PBXNativeTarget "Band Name GeneratorUITests" */;
			buildPhases = (
				2380034920859A71001CC665 /* Sources */,
				2380034A20859A71001CC665 /* Frameworks */,
				2380034B20859A71001CC665 /* Resources */,
			);
			buildRules = (
			);
			dependencies = (
				2380034F20859A71001CC665 /* PBXTargetDependency */,
			);
			name = "Band Name GeneratorUITests";
			productName = "Band Name GeneratorUITests";
			productReference = 2380034D20859A71001CC665 /* Band Name GeneratorUITests.xctest */;
			productType = "com.apple.product-type.bundle.ui-testing";
		};
/* End PBXNativeTarget section */

/* Begin PBXProject section */
		2380032620859A71001CC665 /* Project object */ = {
			isa = PBXProject;
			attributes = {
				LastSwiftUpdateCheck = 0920;
				LastUpgradeCheck = 0920;
				ORGANIZATIONNAME = "Jay Ockers";
				TargetAttributes = {
					2380032D20859A71001CC665 = {
						CreatedOnToolsVersion = 9.2;
						ProvisioningStyle = Automatic;
					};
					2380034120859A71001CC665 = {
						CreatedOnToolsVersion = 9.2;
						ProvisioningStyle = Automatic;
						TestTargetID = 2380032D20859A71001CC665;
					};
					2380034C20859A71001CC665 = {
						CreatedOnToolsVersion = 9.2;
						ProvisioningStyle = Automatic;
						TestTargetID = 2380032D20859A71001CC665;
					};
				};
			};
			buildConfigurationList = 2380032920859A71001CC665 /* Build configuration list for PBXProject "Band Name Generator" */;
			compatibilityVersion = "Xcode 8.0";
			developmentRegion = en;
			hasScannedForEncodings = 0;
			knownRegions = (
				en,
				Base,
			);
			mainGroup = 2380032520859A71001CC665;
			productRefGroup = 2380032F20859A71001CC665 /* Products */;
			projectDirPath = "";
			projectRoot = "";
			targets = (
				2380032D20859A71001CC665 /* Band Name Generator */,
				2380034120859A71001CC665 /* Band Name GeneratorTests */,
				2380034C20859A71001CC665 /* Band Name GeneratorUITests */,
			);
		};
/* End PBXProject section */

/* Begin PBXResourcesBuildPhase section */
		2380032C20859A71001CC665 /* Resources */ = {
			isa = PBXResourcesBuildPhase;
			buildActionMask = 2147483647;
			files = (
				2380033C20859A71001CC665 /* LaunchScreen.storyboard in Resources */,
				2380033920859A71001CC665 /* Assets.xcassets in Resources */,
				2380033720859A71001CC665 /* Main.storyboard in Resources */,
			);
			runOnlyForDeploymentPostprocessing = 0;
		};
		2380034020859A71001CC665 /* Resources */ = {
			isa = PBXResourcesBuildPhase;
			buildActionMask = 2147483647;
			files = (
			);
			runOnlyForDeploymentPostprocessing = 0;
		};
		2380034B20859A71001CC665 /* Resources */ = {
			isa = PBXResourcesBuildPhase;
			buildActionMask = 2147483647;
			files = (
			);
			runOnlyForDeploymentPostprocessing = 0;
		};
/* End PBXResourcesBuildPhase section */

/* Begin PBXSourcesBuildPhase section */
		2380032A20859A71001CC665 /* Sources */ = {
			isa = PBXSourcesBuildPhase;
			buildActionMask = 2147483647;
			files = (
				2380033420859A71001CC665 /* ViewController.swift in Sources */,
				2380033220859A71001CC665 /* AppDelegate.swift in Sources */,
			);
			runOnlyForDeploymentPostprocessing = 0;
		};
		2380033E20859A71001CC665 /* Sources */ = {
			isa = PBXSourcesBuildPhase;
			buildActionMask = 2147483647;
			files = (
				2380034720859A71001CC665 /* Band_Name_GeneratorTests.swift in Sources */,
			);
			runOnlyForDeploymentPostprocessing = 0;
		};
		2380034920859A71001CC665 /* Sources */ = {
			isa = PBXSourcesBuildPhase;
			buildActionMask = 2147483647;
			files = (
				2380035220859A71001CC665 /* Band_Name_GeneratorUITests.swift in Sources */,
			);
			runOnlyForDeploymentPostprocessing = 0;
		};
/* End PBXSourcesBuildPhase section */

/* Begin PBXTargetDependency section */
		2380034420859A71001CC665 /* PBXTargetDependency */ = {
			isa = PBXTargetDependency;
			target = 2380032D20859A71001CC665 /* Band Name Generator */;
			targetProxy = 2380034320859A71001CC665 /* PBXContainerItemProxy */;
		};
		2380034F20859A71001CC665 /* PBXTargetDependency */ = {
			isa = PBXTargetDependency;
			target = 2380032D20859A71001CC665 /* Band Name Generator */;
			targetProxy = 2380034E20859A71001CC665 /* PBXContainerItemProxy */;
		};
/* End PBXTargetDependency section */

/* Begin PBXVariantGroup section */
		2380033520859A71001CC665 /* Main.storyboard */ = {
			isa = PBXVariantGroup;
			children = (
				2380033620859A71001CC665 /* Base */,
			);
			name = Main.storyboard;
			sourceTree = "<group>";
		};
		2380033A20859A71001CC665 /* LaunchScreen.storyboard */ = {
			isa = PBXVariantGroup;
			children = (
				2380033B20859A71001CC665 /* Base */,
			);
			name = LaunchScreen.storyboard;
			sourceTree = "<group>";
		};
/* End PBXVariantGroup section */

/* Begin XCBuildConfiguration section */
		2380035420859A71001CC665 /* Debug */ = {
			isa = XCBuildConfiguration;
			buildSettings = {
				ALWAYS_SEARCH_USER_PATHS = NO;
				CLANG_ANALYZER_NONNULL = YES;
				CLANG_ANALYZER_NUMBER_OBJECT_CONVERSION = YES_AGGRESSIVE;
				CLANG_CXX_LANGUAGE_STANDARD = "gnu++14";
				CLANG_CXX_LIBRARY = "libc++";
				CLANG_ENABLE_MODULES = YES;
				CLANG_ENABLE_OBJC_ARC = YES;
				CLANG_WARN_BLOCK_CAPTURE_AUTORELEASING = YES;
				CLANG_WARN_BOOL_CONVERSION = YES;
				CLANG_WARN_COMMA = YES;
				CLANG_WARN_CONSTANT_CONVERSION = YES;
				CLANG_WARN_DIRECT_OBJC_ISA_USAGE = YES_ERROR;
				CLANG_WARN_DOCUMENTATION_COMMENTS = YES;
				CLANG_WARN_EMPTY_BODY = YES;
				CLANG_WARN_ENUM_CONVERSION = YES;
				CLANG_WARN_INFINITE_RECURSION = YES;
				CLANG_WARN_INT_CONVERSION = YES;
				CLANG_WARN_NON_LITERAL_NULL_CONVERSION = YES;
				CLANG_WARN_OBJC_LITERAL_CONVERSION = YES;
				CLANG_WARN_OBJC_ROOT_CLASS = YES_ERROR;
				CLANG_WARN_RANGE_LOOP_ANALYSIS = YES;
				CLANG_WARN_STRICT_PROTOTYPES = YES;
				CLANG_WARN_SUSPICIOUS_MOVE = YES;
				CLANG_WARN_UNGUARDED_AVAILABILITY = YES_AGGRESSIVE;
				CLANG_WARN_UNREACHABLE_CODE = YES;
				CLANG_WARN__DUPLICATE_METHOD_MATCH = YES;
				CODE_SIGN_IDENTITY = "iPhone Developer";
				COPY_PHASE_STRIP = NO;
				DEBUG_INFORMATION_FORMAT = dwarf;
				ENABLE_STRICT_OBJC_MSGSEND = YES;
				ENABLE_TESTABILITY = YES;
				GCC_C_LANGUAGE_STANDARD = gnu11;
				GCC_DYNAMIC_NO_PIC = NO;
				GCC_NO_COMMON_BLOCKS = YES;
				GCC_OPTIMIZATION_LEVEL = 0;
				GCC_PREPROCESSOR_DEFINITIONS = (
					"DEBUG=1",
					"$(inherited)",
				);
				GCC_WARN_64_TO_32_BIT_CONVERSION = YES;
				GCC_WARN_ABOUT_RETURN_TYPE = YES_ERROR;
				GCC_WARN_UNDECLARED_SELECTOR = YES;
				GCC_WARN_UNINITIALIZED_AUTOS = YES_AGGRESSIVE;
				GCC_WARN_UNUSED_FUNCTION = YES;
				GCC_WARN_UNUSED_VARIABLE = YES;
				IPHONEOS_DEPLOYMENT_TARGET = 11.2;
				MTL_ENABLE_DEBUG_INFO = YES;
				ONLY_ACTIVE_ARCH = YES;
				SDKROOT = iphoneos;
				SWIFT_ACTIVE_COMPILATION_CONDITIONS = DEBUG;
				SWIFT_OPTIMIZATION_LEVEL = "-Onone";
			};
			name = Debug;
		};
		2380035520859A71001CC665 /* Release */ = {
			isa = XCBuildConfiguration;
			buildSettings = {
				ALWAYS_SEARCH_USER_PATHS = NO;
				CLANG_ANALYZER_NONNULL = YES;
				CLANG_ANALYZER_NUMBER_OBJECT_CONVERSION = YES_AGGRESSIVE;
				CLANG_CXX_LANGUAGE_STANDARD = "gnu++14";
				CLANG_CXX_LIBRARY = "libc++";
				CLANG_ENABLE_MODULES = YES;
				CLANG_ENABLE_OBJC_ARC = YES;
				CLANG_WARN_BLOCK_CAPTURE_AUTORELEASING = YES;
				CLANG_WARN_BOOL_CONVERSION = YES;
				CLANG_WARN_COMMA = YES;
				CLANG_WARN_CONSTANT_CONVERSION = YES;
				CLANG_WARN_DIRECT_OBJC_ISA_USAGE = YES_ERROR;
				CLANG_WARN_DOCUMENTATION_COMMENTS = YES;
				CLANG_WARN_EMPTY_BODY = YES;
				CLANG_WARN_ENUM_CONVERSION = YES;
				CLANG_WARN_INFINITE_RECURSION = YES;
				CLANG_WARN_INT_CONVERSION = YES;
				CLANG_WARN_NON_LITERAL_NULL_CONVERSION = YES;
				CLANG_WARN_OBJC_LITERAL_CONVERSION = YES;
				CLANG_WARN_OBJC_ROOT_CLASS = YES_ERROR;
				CLANG_WARN_RANGE_LOOP_ANALYSIS = YES;
				CLANG_WARN_STRICT_PROTOTYPES = YES;
				CLANG_WARN_SUSPICIOUS_MOVE = YES;
				CLANG_WARN_UNGUARDED_AVAILABILITY = YES_AGGRESSIVE;
				CLANG_WARN_UNREACHABLE_CODE = YES;
				CLANG_WARN__DUPLICATE_METHOD_MATCH = YES;
				CODE_SIGN_IDENTITY = "iPhone Developer";
				COPY_PHASE_STRIP = NO;
				DEBUG_INFORMATION_FORMAT = "dwarf-with-dsym";
				ENABLE_NS_ASSERTIONS = NO;
				ENABLE_STRICT_OBJC_MSGSEND = YES;
				GCC_C_LANGUAGE_STANDARD = gnu11;
				GCC_NO_COMMON_BLOCKS = YES;
				GCC_WARN_64_TO_32_BIT_CONVERSION = YES;
				GCC_WARN_ABOUT_RETURN_TYPE = YES_ERROR;
				GCC_WARN_UNDECLARED_SELECTOR = YES;
				GCC_WARN_UNINITIALIZED_AUTOS = YES_AGGRESSIVE;
				GCC_WARN_UNUSED_FUNCTION = YES;
				GCC_WARN_UNUSED_VARIABLE = YES;
				IPHONEOS_DEPLOYMENT_TARGET = 11.2;
				MTL_ENABLE_DEBUG_INFO = NO;
				SDKROOT = iphoneos;
				SWIFT_OPTIMIZATION_LEVEL = "-Owholemodule";
				VALIDATE_PRODUCT = YES;
			};
			name = Release;
		};
		2380035720859A71001CC665 /* Debug */ = {
			isa = XCBuildConfiguration;
			buildSettings = {
				ASSETCATALOG_COMPILER_APPICON_NAME = AppIcon;
				CODE_SIGN_STYLE = Automatic;
				INFOPLIST_FILE = "Band Name Generator/Info.plist";
				LD_RUNPATH_SEARCH_PATHS = "$(inherited) @executable_path/Frameworks";
				PRODUCT_BUNDLE_IDENTIFIER = "com.jayockers.Band-Name-Generator";
				PRODUCT_NAME = "$(TARGET_NAME)";
				SWIFT_VERSION = 4.0;
				TARGETED_DEVICE_FAMILY = "1,2";
			};
			name = Debug;
		};
		2380035820859A71001CC665 /* Release */ = {
			isa = XCBuildConfiguration;
			buildSettings = {
				ASSETCATALOG_COMPILER_APPICON_NAME = AppIcon;
				CODE_SIGN_STYLE = Automatic;
				INFOPLIST_FILE = "Band Name Generator/Info.plist";
				LD_RUNPATH_SEARCH_PATHS = "$(inherited) @executable_path/Frameworks";
				PRODUCT_BUNDLE_IDENTIFIER = "com.jayockers.Band-Name-Generator";
				PRODUCT_NAME = "$(TARGET_NAME)";
				SWIFT_VERSION = 4.0;
				TARGETED_DEVICE_FAMILY = "1,2";
			};
			name = Release;
		};
		2380035A20859A71001CC665 /* Debug */ = {
			isa = XCBuildConfiguration;
			buildSettings = {
				ALWAYS_EMBED_SWIFT_STANDARD_LIBRARIES = YES;
				BUNDLE_LOADER = "$(TEST_HOST)";
				CODE_SIGN_STYLE = Automatic;
				INFOPLIST_FILE = "Band Name GeneratorTests/Info.plist";
				LD_RUNPATH_SEARCH_PATHS = "$(inherited) @executable_path/Frameworks @loader_path/Frameworks";
				PRODUCT_BUNDLE_IDENTIFIER = "com.jayockers.Band-Name-GeneratorTests";
				PRODUCT_NAME = "$(TARGET_NAME)";
				SWIFT_VERSION = 4.0;
				TARGETED_DEVICE_FAMILY = "1,2";
				TEST_HOST = "$(BUILT_PRODUCTS_DIR)/Band Name Generator.app/Band Name Generator";
			};
			name = Debug;
		};
		2380035B20859A71001CC665 /* Release */ = {
			isa = XCBuildConfiguration;
			buildSettings = {
				ALWAYS_EMBED_SWIFT_STANDARD_LIBRARIES = YES;
				BUNDLE_LOADER = "$(TEST_HOST)";
				CODE_SIGN_STYLE = Automatic;
				INFOPLIST_FILE = "Band Name GeneratorTests/Info.plist";
				LD_RUNPATH_SEARCH_PATHS = "$(inherited) @executable_path/Frameworks @loader_path/Frameworks";
				PRODUCT_BUNDLE_IDENTIFIER = "com.jayockers.Band-Name-GeneratorTests";
				PRODUCT_NAME = "$(TARGET_NAME)";
				SWIFT_VERSION = 4.0;
				TARGETED_DEVICE_FAMILY = "1,2";
				TEST_HOST = "$(BUILT_PRODUCTS_DIR)/Band Name Generator.app/Band Name Generator";
			};
			name = Release;
		};
		2380035D20859A71001CC665 /* Debug */ = {
			isa = XCBuildConfiguration;
			buildSettings = {
				ALWAYS_EMBED_SWIFT_STANDARD_LIBRARIES = YES;
				CODE_SIGN_STYLE = Automatic;
				INFOPLIST_FILE = "Band Name GeneratorUITests/Info.plist";
				LD_RUNPATH_SEARCH_PATHS = "$(inherited) @executable_path/Frameworks @loader_path/Frameworks";
				PRODUCT_BUNDLE_IDENTIFIER = "com.jayockers.Band-Name-GeneratorUITests";
				PRODUCT_NAME = "$(TARGET_NAME)";
				SWIFT_VERSION = 4.0;
				TARGETED_DEVICE_FAMILY = "1,2";
				TEST_TARGET_NAME = "Band Name Generator";
			};
			name = Debug;
		};
		2380035E20859A71001CC665 /* Release */ = {
			isa = XCBuildConfiguration;
			buildSettings = {
				ALWAYS_EMBED_SWIFT_STANDARD_LIBRARIES = YES;
				CODE_SIGN_STYLE = Automatic;
				INFOPLIST_FILE = "Band Name GeneratorUITests/Info.plist";
				LD_RUNPATH_SEARCH_PATHS = "$(inherited) @executable_path/Frameworks @loader_path/Frameworks";
				PRODUCT_BUNDLE_IDENTIFIER = "com.jayockers.Band-Name-GeneratorUITests";
				PRODUCT_NAME = "$(TARGET_NAME)";
				SWIFT_VERSION = 4.0;
				TARGETED_DEVICE_FAMILY = "1,2";
				TEST_TARGET_NAME = "Band Name Generator";
			};
			name = Release;
		};
/* End XCBuildConfiguration section */

/* Begin XCConfigurationList section */
		2380032920859A71001CC665 /* Build configuration list for PBXProject "Band Name Generator" */ = {
			isa = XCConfigurationList;
			buildConfigurations = (
				2380035420859A71001CC665 /* Debug */,
				2380035520859A71001CC665 /* Release */,
			);
			defaultConfigurationIsVisible = 0;
			defaultConfigurationName = Release;
		};
		2380035620859A71001CC665 /* Build configuration list for PBXNativeTarget "Band Name Generator" */ = {
			isa = XCConfigurationList;
			buildConfigurations = (
				2380035720859A71001CC665 /* Debug */,
				2380035820859A71001CC665 /* Release */,
			);
			defaultConfigurationIsVisible = 0;
			defaultConfigurationName = Release;
		};
		2380035920859A71001CC665 /* Build configuration list for PBXNativeTarget "Band Name GeneratorTests" */ = {
			isa = XCConfigurationList;
			buildConfigurations = (
				2380035A20859A71001CC665 /* Debug */,
				2380035B20859A71001CC665 /* Release */,
			);
			defaultConfigurationIsVisible = 0;
			defaultConfigurationName = Release;
		};
		2380035C20859A71001CC665 /* Build configuration list for PBXNativeTarget "Band Name GeneratorUITests" */ = {
			isa = XCConfigurationList;
			buildConfigurations = (
				2380035D20859A71001CC665 /* Debug */,
				2380035E20859A71001CC665 /* Release */,
			);
			defaultConfigurationIsVisible = 0;
			defaultConfigurationName = Release;
		};
/* End XCConfigurationList section */
	};
	rootObject = 2380032620859A71001CC665 /* Project object */;
}
